
Microsoft Visual Studio Solution File, Format Version 12.00
# Visual Studio Version 16
Project("{8BC9CEB8-8B4A-11D0-8D11-00A0C91BC942}") = "ALL_BUILD", "ALL_BUILD.vcxproj", "{967E7826-9915-3559-ADEE-D242D484F589}"
	ProjectSection(ProjectDependencies) = postProject
		{3C05916D-48EF-30F2-B53E-F546DD298036} = {3C05916D-48EF-30F2-B53E-F546DD298036}
		{688915D2-8548-3966-816E-2E67060E31D6} = {688915D2-8548-3966-816E-2E67060E31D6}
	EndProjectSection
EndProject
Project("{8BC9CEB8-8B4A-11D0-8D11-00A0C91BC942}") = "LoRaSensorCode", "LoRaSensorCode.vcxproj", "{3C05916D-48EF-30F2-B53E-F546DD298036}"
	ProjectSection(ProjectDependencies) = postProject
		{688915D2-8548-3966-816E-2E67060E31D6} = {688915D2-8548-3966-816E-2E67060E31D6}
	EndProjectSection
EndProject
Project("{8BC9CEB8-8B4A-11D0-8D11-00A0C91BC942}") = "ZERO_CHECK", "ZERO_CHECK.vcxproj", "{688915D2-8548-3966-816E-2E67060E31D6}"
	ProjectSection(ProjectDependencies) = postProject
	EndProjectSection
EndProject
Global
	GlobalSection(SolutionConfigurationPlatforms) = preSolution
		Debug|x64 = Debug|x64
		Release|x64 = Release|x64
		MinSizeRel|x64 = MinSizeRel|x64
		RelWithDebInfo|x64 = RelWithDebInfo|x64
	EndGlobalSection
	GlobalSection(ProjectConfigurationPlatforms) = postSolution
		{967E7826-9915-3559-ADEE-D242D484F589}.Debug|x64.ActiveCfg = Debug|x64
		{967E7826-9915-3559-ADEE-D242D484F589}.Release|x64.ActiveCfg = Release|x64
		{967E7826-9915-3559-ADEE-D242D484F589}.MinSizeRel|x64.ActiveCfg = MinSizeRel|x64
		{967E7826-9915-3559-ADEE-D242D484F589}.RelWithDebInfo|x64.ActiveCfg = RelWithDebInfo|x64
		{3C05916D-48EF-30F2-B53E-F546DD298036}.Debug|x64.ActiveCfg = Debug|x64
		{3C05916D-48EF-30F2-B53E-F546DD298036}.Debug|x64.Build.0 = Debug|x64
		{3C05916D-48EF-30F2-B53E-F546DD298036}.Release|x64.ActiveCfg = Release|x64
		{3C05916D-48EF-30F2-B53E-F546DD298036}.Release|x64.Build.0 = Release|x64
		{3C05916D-48EF-30F2-B53E-F546DD298036}.MinSizeRel|x64.ActiveCfg = MinSizeRel|x64
		{3C05916D-48EF-30F2-B53E-F546DD298036}.MinSizeRel|x64.Build.0 = MinSizeRel|x64
		{3C05916D-48EF-30F2-B53E-F546DD298036}.RelWithDebInfo|x64.ActiveCfg = RelWithDebInfo|x64
		{3C05916D-48EF-30F2-B53E-F546DD298036}.RelWithDebInfo|x64.Build.0 = RelWithDebInfo|x64
		{688915D2-8548-3966-816E-2E67060E31D6}.Debug|x64.ActiveCfg = Debug|x64
		{688915D2-8548-3966-816E-2E67060E31D6}.Debug|x64.Build.0 = Debug|x64
		{688915D2-8548-3966-816E-2E67060E31D6}.Release|x64.ActiveCfg = Release|x64
		{688915D2-8548-3966-816E-2E67060E31D6}.Release|x64.Build.0 = Release|x64
		{688915D2-8548-3966-816E-2E67060E31D6}.MinSizeRel|x64.ActiveCfg = MinSizeRel|x64
		{688915D2-8548-3966-816E-2E67060E31D6}.MinSizeRel|x64.Build.0 = MinSizeRel|x64
		{688915D2-8548-3966-816E-2E67060E31D6}.RelWithDebInfo|x64.ActiveCfg = RelWithDebInfo|x64
		{688915D2-8548-3966-816E-2E67060E31D6}.RelWithDebInfo|x64.Build.0 = RelWithDebInfo|x64
	EndGlobalSection
	GlobalSection(ExtensibilityGlobals) = postSolution
		SolutionGuid = {57F1A1DD-57C4-3348-9902-FED4C9F8EF95}
	EndGlobalSection
	GlobalSection(ExtensibilityAddIns) = postSolution
	EndGlobalSection
EndGlobal
